
Microsoft Visual Studio Solution File, Format Version 12.00
# Visual Studio Version 16
VisualStudioVersion = 16.0.31729.503
MinimumVisualStudioVersion = 10.0.40219.1
Project("{FAE04EC0-301F-11D3-BF4B-00C04F79EFBC}") = "Event Management system 2.0", "Event Management system 2.0.csproj", "{0FDBAD18-3A42-4811-A701-3A8FBCEA6C37}"
EndProject
Global
	GlobalSection(SolutionConfigurationPlatforms) = preSolution
		Debug|Any CPU = Debug|Any CPU
		Release|Any CPU = Release|Any CPU
	EndGlobalSection
	GlobalSection(ProjectConfigurationPlatforms) = postSolution
		{0FDBAD18-3A42-4811-A701-3A8FBCEA6C37}.Debug|Any CPU.ActiveCfg = Debug|Any CPU
		{0FDBAD18-3A42-4811-A701-3A8FBCEA6C37}.Debug|Any CPU.Build.0 = Debug|Any CPU
		{0FDBAD18-3A42-4811-A701-3A8FBCEA6C37}.Release|Any CPU.ActiveCfg = Release|Any CPU
		{0FDBAD18-3A42-4811-A701-3A8FBCEA6C37}.Release|Any CPU.Build.0 = Release|Any CPU
	EndGlobalSection
	GlobalSection(SolutionProperties) = preSolution
		HideSolutionNode = FALSE
	EndGlobalSection
	GlobalSection(ExtensibilityGlobals) = postSolution
		SolutionGuid = {1F41F3CD-465B-470E-95A5-D5454FAAD73C}
	EndGlobalSection
EndGlobal
